
Microsoft Visual Studio Solution File, Format Version 12.00
# Visual Studio Version 16
VisualStudioVersion = 16.0.30128.74
MinimumVisualStudioVersion = 10.0.40219.1
Project("{FAE04EC0-301F-11D3-BF4B-00C04F79EFBC}") = "PracticeMVC001", "PracticeMVC001\PracticeMVC001.csproj", "{047B1FC5-5DC7-4411-A22A-518AA1642903}"
EndProject
Global
	GlobalSection(SolutionConfigurationPlatforms) = preSolution
		Debug|Any CPU = Debug|Any CPU
		Release|Any CPU = Release|Any CPU
	EndGlobalSection
	GlobalSection(ProjectConfigurationPlatforms) = postSolution
		{047B1FC5-5DC7-4411-A22A-518AA1642903}.Debug|Any CPU.ActiveCfg = Debug|Any CPU
		{047B1FC5-5DC7-4411-A22A-518AA1642903}.Debug|Any CPU.Build.0 = Debug|Any CPU
		{047B1FC5-5DC7-4411-A22A-518AA1642903}.Release|Any CPU.ActiveCfg = Release|Any CPU
		{047B1FC5-5DC7-4411-A22A-518AA1642903}.Release|Any CPU.Build.0 = Release|Any CPU
	EndGlobalSection
	GlobalSection(SolutionProperties) = preSolution
		HideSolutionNode = FALSE
	EndGlobalSection
	GlobalSection(ExtensibilityGlobals) = postSolution
		SolutionGuid = {DECD27D2-894E-4924-95AB-3B3E8A487F82}
	EndGlobalSection
EndGlobal
